
Microsoft Visual Studio Solution File, Format Version 12.00
# Visual Studio 14
VisualStudioVersion = 14.0.25420.1
MinimumVisualStudioVersion = 10.0.40219.1
Project("{FAE04EC0-301F-11D3-BF4B-00C04F79EFBC}") = "AAR-Bot", "AAR-Bot\AAR-Bot.csproj", "{EF0D5B75-9D09-40BC-90A5-F13593B9FF9F}"
EndProject
Project("{FAE04EC0-301F-11D3-BF4B-00C04F79EFBC}") = "webscraping", "webscraping\webscraping\webscraping.csproj", "{F9CDE9E1-D251-4166-B41F-9BDCBD43CE18}"
EndProject
Global
	GlobalSection(SolutionConfigurationPlatforms) = preSolution
		Debug|Any CPU = Debug|Any CPU
		Release|Any CPU = Release|Any CPU
	EndGlobalSection
	GlobalSection(ProjectConfigurationPlatforms) = postSolution
		{EF0D5B75-9D09-40BC-90A5-F13593B9FF9F}.Debug|Any CPU.ActiveCfg = Debug|Any CPU
		{EF0D5B75-9D09-40BC-90A5-F13593B9FF9F}.Debug|Any CPU.Build.0 = Debug|Any CPU
		{EF0D5B75-9D09-40BC-90A5-F13593B9FF9F}.Release|Any CPU.ActiveCfg = Release|Any CPU
		{EF0D5B75-9D09-40BC-90A5-F13593B9FF9F}.Release|Any CPU.Build.0 = Release|Any CPU
		{F9CDE9E1-D251-4166-B41F-9BDCBD43CE18}.Debug|Any CPU.ActiveCfg = Debug|Any CPU
		{F9CDE9E1-D251-4166-B41F-9BDCBD43CE18}.Debug|Any CPU.Build.0 = Debug|Any CPU
		{F9CDE9E1-D251-4166-B41F-9BDCBD43CE18}.Release|Any CPU.ActiveCfg = Release|Any CPU
		{F9CDE9E1-D251-4166-B41F-9BDCBD43CE18}.Release|Any CPU.Build.0 = Release|Any CPU
	EndGlobalSection
	GlobalSection(SolutionProperties) = preSolution
		HideSolutionNode = FALSE
	EndGlobalSection
EndGlobal
